// !$*UTF8*$!
{
	archiveVersion = 1;
	classes = {
	};
	objectVersion = 46;
	objects = {

/* Begin PBXBuildFile section */
		245545F31BA5097F0084F102 /* AppDelegate.swift in Sources */ = {isa = PBXBuildFile; fileRef = 245545F21BA5097F0084F102 /* AppDelegate.swift */; };
		245545FA1BA5097F0084F102 /* Assets.xcassets in Resources */ = {isa = PBXBuildFile; fileRef = 245545F91BA5097F0084F102 /* Assets.xcassets */; };
/* End PBXBuildFile section */

/* Begin PBXFileReference section */
		245545EF1BA5097F0084F102 /* tvOS-hello-world.app */ = {isa = PBXFileReference; explicitFileType = wrapper.application; includeInIndex = 0; path = "tvOS-hello-world.app"; sourceTree = BUILT_PRODUCTS_DIR; };
		245545F21BA5097F0084F102 /* AppDelegate.swift */ = {isa = PBXFileReference; lastKnownFileType = sourcecode.swift; path = AppDelegate.swift; sourceTree = "<group>"; };
		245545F91BA5097F0084F102 /* Assets.xcassets */ = {isa = PBXFileReference; lastKnownFileType = folder.assetcatalog; path = Assets.xcassets; sourceTree = "<group>"; };
		245545FB1BA5097F0084F102 /* Info.plist */ = {isa = PBXFileReference; lastKnownFileType = text.plist.xml; path = Info.plist; sourceTree = "<group>"; };
/* End PBXFileReference section */

/* Begin PBXFrameworksBuildPhase section */
		245545EC1BA5097F0084F102 /* Frameworks */ = {
			isa = PBXFrameworksBuildPhase;
			buildActionMask = 2147483647;
			files = (
			);
			runOnlyForDeploymentPostprocessing = 0;
		};
/* End PBXFrameworksBuildPhase section */

/* Begin PBXGroup section */
		245545E61BA5097F0084F102 = {
			isa = PBXGroup;
			children = (
				245545F11BA5097F0084F102 /* tvOS-hello-world */,
				245545F01BA5097F0084F102 /* Products */,
			);
			sourceTree = "<group>";
		};
		245545F01BA5097F0084F102 /* Products */ = {
			isa = PBXGroup;
			children = (
				245545EF1BA5097F0084F102 /* tvOS-hello-world.app */,
			);
			name = Products;
			sourceTree = "<group>";
		};
		245545F11BA5097F0084F102 /* tvOS-hello-world */ = {
			isa = PBXGroup;
			children = (
				245545F21BA5097F0084F102 /* AppDelegate.swift */,
				245545F91BA5097F0084F102 /* Assets.xcassets */,
				245545FB1BA5097F0084F102 /* Info.plist */,
			);
			path = "tvOS-hello-world";
			sourceTree = "<group>";
		};
/* End PBXGroup section */

/* Begin PBXNativeTarget section */
		245545EE1BA5097F0084F102 /* tvOS-hello-world */ = {
			isa = PBXNativeTarget;
			buildConfigurationList = 245545FE1BA5097F0084F102 /* Build configuration list for PBXNativeTarget "tvOS-hello-world" */;
			buildPhases = (
				245545EB1BA5097F0084F102 /* Sources */,
				245545EC1BA5097F0084F102 /* Frameworks */,
				245545ED1BA5097F0084F102 /* Resources */,
			);
			buildRules = (
			);
			dependencies = (
			);
			name = "tvOS-hello-world";
			productName = "tvOS-hello-world";
			productReference = 245545EF1BA5097F0084F102 /* tvOS-hello-world.app */;
			productType = "com.apple.product-type.application";
		};
/* End PBXNativeTarget section */

/* Begin PBXProject section */
		245545E71BA5097F0084F102 /* Project object */ = {
			isa = PBXProject;
			attributes = {
				LastUpgradeCheck = 0710;
				ORGANIZATIONNAME = "Simon Chiu";
				TargetAttributes = {
					245545EE1BA5097F0084F102 = {
						CreatedOnToolsVersion = 7.1;
						DevelopmentTeam = A59B2YK5AM;
					};
				};
			};
			buildConfigurationList = 245545EA1BA5097F0084F102 /* Build configuration list for PBXProject "tvOS-hello-world" */;
			compatibilityVersion = "Xcode 3.2";
			developmentRegion = English;
			hasScannedForEncodings = 0;
			knownRegions = (
				en,
				Base,
			);
			mainGroup = 245545E61BA5097F0084F102;
			productRefGroup = 245545F01BA5097F0084F102 /* Products */;
			projectDirPath = "";
			projectRoot = "";
			targets = (
				245545EE1BA5097F0084F102 /* tvOS-hello-world */,
			);
		};
/* End PBXProject section */

/* Begin PBXResourcesBuildPhase section */
		245545ED1BA5097F0084F102 /* Resources */ = {
			isa = PBXResourcesBuildPhase;
			buildActionMask = 2147483647;
			files = (
				245545FA1BA5097F0084F102 /* Assets.xcassets in Resources */,
			);
			runOnlyForDeploymentPostprocessing = 0;
		};
/* End PBXResourcesBuildPhase section */

/* Begin PBXSourcesBuildPhase section */
		245545EB1BA5097F0084F102 /* Sources */ = {
			isa = PBXSourcesBuildPhase;
			buildActionMask = 2147483647;
			files = (
				245545F31BA5097F0084F102 /* AppDelegate.swift in Sources */,
			);
			runOnlyForDeploymentPostprocessing = 0;
		};
/* End PBXSourcesBuildPhase section */

/* Begin XCBuildConfiguration section */
		245545FC1BA5097F0084F102 /* Debug */ = {
			isa = XCBuildConfiguration;
			buildSettings = {
				ALWAYS_SEARCH_USER_PATHS = NO;
				CLANG_CXX_LANGUAGE_STANDARD = "gnu++0x";
				CLANG_CXX_LIBRARY = "libc++";
				CLANG_ENABLE_MODULES = YES;
				CLANG_ENABLE_OBJC_ARC = YES;
				CLANG_WARN_BOOL_CONVERSION = YES;
				CLANG_WARN_CONSTANT_CONVERSION = YES;
				CLANG_WARN_DIRECT_OBJC_ISA_USAGE = YES_ERROR;
				CLANG_WARN_EMPTY_BODY = YES;
				CLANG_WARN_ENUM_CONVERSION = YES;
				CLANG_WARN_INT_CONVERSION = YES;
				CLANG_WARN_OBJC_ROOT_CLASS = YES_ERROR;
				CLANG_WARN_UNREACHABLE_CODE = YES;
				CLANG_WARN__DUPLICATE_METHOD_MATCH = YES;
				COPY_PHASE_STRIP = NO;
				DEBUG_INFORMATION_FORMAT = dwarf;
				ENABLE_STRICT_OBJC_MSGSEND = YES;
				ENABLE_TESTABILITY = YES;
				GCC_C_LANGUAGE_STANDARD = gnu99;
				GCC_DYNAMIC_NO_PIC = NO;
				GCC_NO_COMMON_BLOCKS = YES;
				GCC_OPTIMIZATION_LEVEL = 0;
				GCC_PREPROCESSOR_DEFINITIONS = (
					"DEBUG=1",
					"$(inherited)",
				);
				GCC_WARN_64_TO_32_BIT_CONVERSION = YES;
				GCC_WARN_ABOUT_RETURN_TYPE = YES_ERROR;
				GCC_WARN_UNDECLARED_SELECTOR = YES;
				GCC_WARN_UNINITIALIZED_AUTOS = YES_AGGRESSIVE;
				GCC_WARN_UNUSED_FUNCTION = YES;
				GCC_WARN_UNUSED_VARIABLE = YES;
				MTL_ENABLE_DEBUG_INFO = YES;
				ONLY_ACTIVE_ARCH = YES;
				SDKROOT = appletvos;
				SWIFT_OPTIMIZATION_LEVEL = "-Onone";
				TARGETED_DEVICE_FAMILY = 3;
				TVOS_DEPLOYMENT_TARGET = 9.0;
			};
			name = Debug;
		};
		245545FD1BA5097F0084F102 /* Release */ = {
			isa = XCBuildConfiguration;
			buildSettings = {
				ALWAYS_SEARCH_USER_PATHS = NO;
				CLANG_CXX_LANGUAGE_STANDARD = "gnu++0x";
				CLANG_CXX_LIBRARY = "libc++";
				CLANG_ENABLE_MODULES = YES;
				CLANG_ENABLE_OBJC_ARC = YES;
				CLANG_WARN_BOOL_CONVERSION = YES;
				CLANG_WARN_CONSTANT_CONVERSION = YES;
				CLANG_WARN_DIRECT_OBJC_ISA_USAGE = YES_ERROR;
				CLANG_WARN_EMPTY_BODY = YES;
				CLANG_WARN_ENUM_CONVERSION = YES;
				CLANG_WARN_INT_CONVERSION = YES;
				CLANG_WARN_OBJC_ROOT_CLASS = YES_ERROR;
				CLANG_WARN_UNREACHABLE_CODE = YES;
				CLANG_WARN__DUPLICATE_METHOD_MATCH = YES;
				COPY_PHASE_STRIP = NO;
				DEBUG_INFORMATION_FORMAT = "dwarf-with-dsym";
				ENABLE_NS_ASSERTIONS = NO;
				ENABLE_STRICT_OBJC_MSGSEND = YES;
				GCC_C_LANGUAGE_STANDARD = gnu99;
				GCC_NO_COMMON_BLOCKS = YES;
				GCC_WARN_64_TO_32_BIT_CONVERSION = YES;
				GCC_WARN_ABOUT_RETURN_TYPE = YES_ERROR;
				GCC_WARN_UNDECLARED_SELECTOR = YES;
				GCC_WARN_UNINITIALIZED_AUTOS = YES_AGGRESSIVE;
				GCC_WARN_UNUSED_FUNCTION = YES;
				GCC_WARN_UNUSED_VARIABLE = YES;
				MTL_ENABLE_DEBUG_INFO = NO;
				SDKROOT = appletvos;
				TARGETED_DEVICE_FAMILY = 3;
				TVOS_DEPLOYMENT_TARGET = 9.0;
				VALIDATE_PRODUCT = YES;
			};
			name = Release;
		};
		245545FF1BA5097F0084F102 /* Debug */ = {
			isa = XCBuildConfiguration;
			buildSettings = {
				ASSETCATALOG_COMPILER_APPICON_NAME = "App Icon & Top Shelf Image";
				ASSETCATALOG_COMPILER_LAUNCHIMAGE_NAME = LaunchImage;
				INFOPLIST_FILE = "tvOS-hello-world/Info.plist";
				LD_RUNPATH_SEARCH_PATHS = "$(inherited) @executable_path/Frameworks";
				PRODUCT_BUNDLE_IDENTIFIER = "com.simonchiu.tvOS-hello-world";
				PRODUCT_NAME = "$(TARGET_NAME)";
			};
			name = Debug;
		};
		245546001BA5097F0084F102 /* Release */ = {
			isa = XCBuildConfiguration;
			buildSettings = {
				ASSETCATALOG_COMPILER_APPICON_NAME = "App Icon & Top Shelf Image";
				ASSETCATALOG_COMPILER_LAUNCHIMAGE_NAME = LaunchImage;
				INFOPLIST_FILE = "tvOS-hello-world/Info.plist";
				LD_RUNPATH_SEARCH_PATHS = "$(inherited) @executable_path/Frameworks";
				PRODUCT_BUNDLE_IDENTIFIER = "com.simonchiu.tvOS-hello-world";
				PRODUCT_NAME = "$(TARGET_NAME)";
			};
			name = Release;
		};
/* End XCBuildConfiguration section */

/* Begin XCConfigurationList section */
		245545EA1BA5097F0084F102 /* Build configuration list for PBXProject "tvOS-hello-world" */ = {
			isa = XCConfigurationList;
			buildConfigurations = (
				245545FC1BA5097F0084F102 /* Debug */,
				245545FD1BA5097F0084F102 /* Release */,
			);
			defaultConfigurationIsVisible = 0;
			defaultConfigurationName = Release;
		};
		245545FE1BA5097F0084F102 /* Build configuration list for PBXNativeTarget "tvOS-hello-world" */ = {
			isa = XCConfigurationList;
			buildConfigurations = (
				245545FF1BA5097F0084F102 /* Debug */,
				245546001BA5097F0084F102 /* Release */,
			);
			defaultConfigurationIsVisible = 0;
			defaultConfigurationName = Release;
		};
/* End XCConfigurationList section */
	};
	rootObject = 245545E71BA5097F0084F102 /* Project object */;
}
